
Microsoft Visual Studio Solution File, Format Version 12.00
# Visual Studio Version 16
VisualStudioVersion = 16.0.31025.194
MinimumVisualStudioVersion = 10.0.40219.1
Project("{FAE04EC0-301F-11D3-BF4B-00C04F79EFBC}") = "Xweather.UWP", "Xweather.UWP\Xweather.UWP.csproj", "{48DEAF9B-B8A5-4956-AC0A-0EDAEB53C737}"
EndProject
Project("{FAE04EC0-301F-11D3-BF4B-00C04F79EFBC}") = "Xweather.Android", "Xweather.Android\Xweather.Android.csproj", "{9324EDED-3119-4A05-8C9C-DA59C8576DE3}"
EndProject
Project("{FAE04EC0-301F-11D3-BF4B-00C04F79EFBC}") = "Xweather.iOS", "Xweather.iOS\Xweather.iOS.csproj", "{F103BBDF-E805-45F8-BA0D-136F1DFDFA1D}"
EndProject
Project("{FAE04EC0-301F-11D3-BF4B-00C04F79EFBC}") = "Xweather", "Xweather\Xweather.csproj", "{B9ED69A5-516C-4C8A-842B-7C1886AF51D6}"
EndProject
Global
	GlobalSection(SolutionConfigurationPlatforms) = preSolution
		Debug|Any CPU = Debug|Any CPU
		Debug|ARM = Debug|ARM
		Debug|iPhone = Debug|iPhone
		Debug|iPhoneSimulator = Debug|iPhoneSimulator
		Debug|x64 = Debug|x64
		Debug|x86 = Debug|x86
		Release|Any CPU = Release|Any CPU
		Release|ARM = Release|ARM
		Release|iPhone = Release|iPhone
		Release|iPhoneSimulator = Release|iPhoneSimulator
		Release|x64 = Release|x64
		Release|x86 = Release|x86
	EndGlobalSection
	GlobalSection(ProjectConfigurationPlatforms) = postSolution
		{48DEAF9B-B8A5-4956-AC0A-0EDAEB53C737}.Debug|Any CPU.ActiveCfg = Debug|x86
		{48DEAF9B-B8A5-4956-AC0A-0EDAEB53C737}.Debug|ARM.ActiveCfg = Debug|ARM
		{48DEAF9B-B8A5-4956-AC0A-0EDAEB53C737}.Debug|ARM.Build.0 = Debug|ARM
		{48DEAF9B-B8A5-4956-AC0A-0EDAEB53C737}.Debug|ARM.Deploy.0 = Debug|ARM
		{48DEAF9B-B8A5-4956-AC0A-0EDAEB53C737}.Debug|iPhone.ActiveCfg = Debug|x86
		{48DEAF9B-B8A5-4956-AC0A-0EDAEB53C737}.Debug|iPhoneSimulator.ActiveCfg = Debug|x86
		{48DEAF9B-B8A5-4956-AC0A-0EDAEB53C737}.Debug|x64.ActiveCfg = Debug|x64
		{48DEAF9B-B8A5-4956-AC0A-0EDAEB53C737}.Debug|x64.Build.0 = Debug|x64
		{48DEAF9B-B8A5-4956-AC0A-0EDAEB53C737}.Debug|x64.Deploy.0 = Debug|x64
		{48DEAF9B-B8A5-4956-AC0A-0EDAEB53C737}.Debug|x86.ActiveCfg = Debug|x86
		{48DEAF9B-B8A5-4956-AC0A-0EDAEB53C737}.Debug|x86.Build.0 = Debug|x86
		{48DEAF9B-B8A5-4956-AC0A-0EDAEB53C737}.Debug|x86.Deploy.0 = Debug|x86
		{48DEAF9B-B8A5-4956-AC0A-0EDAEB53C737}.Release|Any CPU.ActiveCfg = Release|x86
		{48DEAF9B-B8A5-4956-AC0A-0EDAEB53C737}.Release|ARM.ActiveCfg = Release|ARM
		{48DEAF9B-B8A5-4956-AC0A-0EDAEB53C737}.Release|ARM.Build.0 = Release|ARM
		{48DEAF9B-B8A5-4956-AC0A-0EDAEB53C737}.Release|ARM.Deploy.0 = Release|ARM
		{48DEAF9B-B8A5-4956-AC0A-0EDAEB53C737}.Release|iPhone.ActiveCfg = Release|x86
		{48DEAF9B-B8A5-4956-AC0A-0EDAEB53C737}.Release|iPhoneSimulator.ActiveCfg = Release|x86
		{48DEAF9B-B8A5-4956-AC0A-0EDAEB53C737}.Release|x64.ActiveCfg = Release|x64
		{48DEAF9B-B8A5-4956-AC0A-0EDAEB53C737}.Release|x64.Build.0 = Release|x64
		{48DEAF9B-B8A5-4956-AC0A-0EDAEB53C737}.Release|x64.Deploy.0 = Release|x64
		{48DEAF9B-B8A5-4956-AC0A-0EDAEB53C737}.Release|x86.ActiveCfg = Release|x86
		{48DEAF9B-B8A5-4956-AC0A-0EDAEB53C737}.Release|x86.Build.0 = Release|x86
		{48DEAF9B-B8A5-4956-AC0A-0EDAEB53C737}.Release|x86.Deploy.0 = Release|x86
		{9324EDED-3119-4A05-8C9C-DA59C8576DE3}.Debug|Any CPU.ActiveCfg = Debug|Any CPU
		{9324EDED-3119-4A05-8C9C-DA59C8576DE3}.Debug|Any CPU.Build.0 = Debug|Any CPU
		{9324EDED-3119-4A05-8C9C-DA59C8576DE3}.Debug|Any CPU.Deploy.0 = Debug|Any CPU
		{9324EDED-3119-4A05-8C9C-DA59C8576DE3}.Debug|ARM.ActiveCfg = Debug|Any CPU
		{9324EDED-3119-4A05-8C9C-DA59C8576DE3}.Debug|ARM.Build.0 = Debug|Any CPU
		{9324EDED-3119-4A05-8C9C-DA59C8576DE3}.Debug|ARM.Deploy.0 = Debug|Any CPU
		{9324EDED-3119-4A05-8C9C-DA59C8576DE3}.Debug|iPhone.ActiveCfg = Debug|Any CPU
		{9324EDED-3119-4A05-8C9C-DA59C8576DE3}.Debug|iPhone.Build.0 = Debug|Any CPU
		{9324EDED-3119-4A05-8C9C-DA59C8576DE3}.Debug|iPhone.Deploy.0 = Debug|Any CPU
		{9324EDED-3119-4A05-8C9C-DA59C8576DE3}.Debug|iPhoneSimulator.ActiveCfg = Debug|Any CPU
		{9324EDED-3119-4A05-8C9C-DA59C8576DE3}.Debug|iPhoneSimulator.Build.0 = Debug|Any CPU
		{9324EDED-3119-4A05-8C9C-DA59C8576DE3}.Debug|iPhoneSimulator.Deploy.0 = Debug|Any CPU
		{9324EDED-3119-4A05-8C9C-DA59C8576DE3}.Debug|x64.ActiveCfg = Debug|Any CPU
		{9324EDED-3119-4A05-8C9C-DA59C8576DE3}.Debug|x64.Build.0 = Debug|Any CPU
		{9324EDED-3119-4A05-8C9C-DA59C8576DE3}.Debug|x64.Deploy.0 = Debug|Any CPU
		{9324EDED-3119-4A05-8C9C-DA59C8576DE3}.Debug|x86.ActiveCfg = Debug|Any CPU
		{9324EDED-3119-4A05-8C9C-DA59C8576DE3}.Debug|x86.Build.0 = Debug|Any CPU
		{9324EDED-3119-4A05-8C9C-DA59C8576DE3}.Debug|x86.Deploy.0 = Debug|Any CPU
		{9324EDED-3119-4A05-8C9C-DA59C8576DE3}.Release|Any CPU.ActiveCfg = Release|Any CPU
		{9324EDED-3119-4A05-8C9C-DA59C8576DE3}.Release|Any CPU.Build.0 = Release|Any CPU
		{9324EDED-3119-4A05-8C9C-DA59C8576DE3}.Release|Any CPU.Deploy.0 = Release|Any CPU
		{9324EDED-3119-4A05-8C9C-DA59C8576DE3}.Release|ARM.ActiveCfg = Release|Any CPU
		{9324EDED-3119-4A05-8C9C-DA59C8576DE3}.Release|ARM.Build.0 = Release|Any CPU
		{9324EDED-3119-4A05-8C9C-DA59C8576DE3}.Release|ARM.Deploy.0 = Release|Any CPU
		{9324EDED-3119-4A05-8C9C-DA59C8576DE3}.Release|iPhone.ActiveCfg = Release|Any CPU
		{9324EDED-3119-4A05-8C9C-DA59C8576DE3}.Release|iPhone.Build.0 = Release|Any CPU
		{9324EDED-3119-4A05-8C9C-DA59C8576DE3}.Release|iPhone.Deploy.0 = Release|Any CPU
		{9324EDED-3119-4A05-8C9C-DA59C8576DE3}.Release|iPhoneSimulator.ActiveCfg = Release|Any CPU
		{9324EDED-3119-4A05-8C9C-DA59C8576DE3}.Release|iPhoneSimulator.Build.0 = Release|Any CPU
		{9324EDED-3119-4A05-8C9C-DA59C8576DE3}.Release|iPhoneSimulator.Deploy.0 = Release|Any CPU
		{9324EDED-3119-4A05-8C9C-DA59C8576DE3}.Release|x64.ActiveCfg = Release|Any CPU
		{9324EDED-3119-4A05-8C9C-DA59C8576DE3}.Release|x64.Build.0 = Release|Any CPU
		{9324EDED-3119-4A05-8C9C-DA59C8576DE3}.Release|x64.Deploy.0 = Release|Any CPU
		{9324EDED-3119-4A05-8C9C-DA59C8576DE3}.Release|x86.ActiveCfg = Release|Any CPU
		{9324EDED-3119-4A05-8C9C-DA59C8576DE3}.Release|x86.Build.0 = Release|Any CPU
		{9324EDED-3119-4A05-8C9C-DA59C8576DE3}.Release|x86.Deploy.0 = Release|Any CPU
		{F103BBDF-E805-45F8-BA0D-136F1DFDFA1D}.Debug|Any CPU.ActiveCfg = Debug|iPhoneSimulator
		{F103BBDF-E805-45F8-BA0D-136F1DFDFA1D}.Debug|Any CPU.Build.0 = Debug|iPhoneSimulator
		{F103BBDF-E805-45F8-BA0D-136F1DFDFA1D}.Debug|Any CPU.Deploy.0 = Debug|iPhoneSimulator
		{F103BBDF-E805-45F8-BA0D-136F1DFDFA1D}.Debug|ARM.ActiveCfg = Debug|iPhone
		{F103BBDF-E805-45F8-BA0D-136F1DFDFA1D}.Debug|ARM.Build.0 = Debug|iPhone
		{F103BBDF-E805-45F8-BA0D-136F1DFDFA1D}.Debug|ARM.Deploy.0 = Debug|iPhone
		{F103BBDF-E805-45F8-BA0D-136F1DFDFA1D}.Debug|iPhone.ActiveCfg = Debug|iPhone
		{F103BBDF-E805-45F8-BA0D-136F1DFDFA1D}.Debug|iPhone.Build.0 = Debug|iPhone
		{F103BBDF-E805-45F8-BA0D-136F1DFDFA1D}.Debug|iPhone.Deploy.0 = Debug|iPhone
		{F103BBDF-E805-45F8-BA0D-136F1DFDFA1D}.Debug|iPhoneSimulator.ActiveCfg = Debug|iPhoneSimulator
		{F103BBDF-E805-45F8-BA0D-136F1DFDFA1D}.Debug|iPhoneSimulator.Build.0 = Debug|iPhoneSimulator
		{F103BBDF-E805-45F8-BA0D-136F1DFDFA1D}.Debug|iPhoneSimulator.Deploy.0 = Debug|iPhoneSimulator
		{F103BBDF-E805-45F8-BA0D-136F1DFDFA1D}.Debug|x64.ActiveCfg = Debug|iPhoneSimulator
		{F103BBDF-E805-45F8-BA0D-136F1DFDFA1D}.Debug|x64.Build.0 = Debug|iPhoneSimulator
		{F103BBDF-E805-45F8-BA0D-136F1DFDFA1D}.Debug|x64.Deploy.0 = Debug|iPhoneSimulator
		{F103BBDF-E805-45F8-BA0D-136F1DFDFA1D}.Debug|x86.ActiveCfg = Debug|iPhoneSimulator
		{F103BBDF-E805-45F8-BA0D-136F1DFDFA1D}.Debug|x86.Build.0 = Debug|iPhoneSimulator
		{F103BBDF-E805-45F8-BA0D-136F1DFDFA1D}.Debug|x86.Deploy.0 = Debug|iPhoneSimulator
		{F103BBDF-E805-45F8-BA0D-136F1DFDFA1D}.Release|Any CPU.ActiveCfg = Release|iPhoneSimulator
		{F103BBDF-E805-45F8-BA0D-136F1DFDFA1D}.Release|Any CPU.Build.0 = Release|iPhoneSimulator
		{F103BBDF-E805-45F8-BA0D-136F1DFDFA1D}.Release|Any CPU.Deploy.0 = Release|iPhoneSimulator
		{F103BBDF-E805-45F8-BA0D-136F1DFDFA1D}.Release|ARM.ActiveCfg = Release|iPhoneSimulator
		{F103BBDF-E805-45F8-BA0D-136F1DFDFA1D}.Release|ARM.Build.0 = Release|iPhoneSimulator
		{F103BBDF-E805-45F8-BA0D-136F1DFDFA1D}.Release|ARM.Deploy.0 = Release|iPhoneSimulator
		{F103BBDF-E805-45F8-BA0D-136F1DFDFA1D}.Release|iPhone.ActiveCfg = Release|iPhone
		{F103BBDF-E805-45F8-BA0D-136F1DFDFA1D}.Release|iPhone.Build.0 = Release|iPhone
		{F103BBDF-E805-45F8-BA0D-136F1DFDFA1D}.Release|iPhone.Deploy.0 = Release|iPhone
		{F103BBDF-E805-45F8-BA0D-136F1DFDFA1D}.Release|iPhoneSimulator.ActiveCfg = Release|iPhoneSimulator
		{F103BBDF-E805-45F8-BA0D-136F1DFDFA1D}.Release|iPhoneSimulator.Build.0 = Release|iPhoneSimulator
		{F103BBDF-E805-45F8-BA0D-136F1DFDFA1D}.Release|iPhoneSimulator.Deploy.0 = Release|iPhoneSimulator
		{F103BBDF-E805-45F8-BA0D-136F1DFDFA1D}.Release|x64.ActiveCfg = Release|iPhoneSimulator
		{F103BBDF-E805-45F8-BA0D-136F1DFDFA1D}.Release|x64.Build.0 = Release|iPhoneSimulator
		{F103BBDF-E805-45F8-BA0D-136F1DFDFA1D}.Release|x64.Deploy.0 = Release|iPhoneSimulator
		{F103BBDF-E805-45F8-BA0D-136F1DFDFA1D}.Release|x86.ActiveCfg = Release|iPhoneSimulator
		{F103BBDF-E805-45F8-BA0D-136F1DFDFA1D}.Release|x86.Build.0 = Release|iPhoneSimulator
		{F103BBDF-E805-45F8-BA0D-136F1DFDFA1D}.Release|x86.Deploy.0 = Release|iPhoneSimulator
		{B9ED69A5-516C-4C8A-842B-7C1886AF51D6}.Debug|Any CPU.ActiveCfg = Debug|Any CPU
		{B9ED69A5-516C-4C8A-842B-7C1886AF51D6}.Debug|Any CPU.Build.0 = Debug|Any CPU
		{B9ED69A5-516C-4C8A-842B-7C1886AF51D6}.Debug|Any CPU.Deploy.0 = Debug|Any CPU
		{B9ED69A5-516C-4C8A-842B-7C1886AF51D6}.Debug|ARM.ActiveCfg = Debug|Any CPU
		{B9ED69A5-516C-4C8A-842B-7C1886AF51D6}.Debug|ARM.Build.0 = Debug|Any CPU
		{B9ED69A5-516C-4C8A-842B-7C1886AF51D6}.Debug|ARM.Deploy.0 = Debug|Any CPU
		{B9ED69A5-516C-4C8A-842B-7C1886AF51D6}.Debug|iPhone.ActiveCfg = Debug|Any CPU
		{B9ED69A5-516C-4C8A-842B-7C1886AF51D6}.Debug|iPhone.Build.0 = Debug|Any CPU
		{B9ED69A5-516C-4C8A-842B-7C1886AF51D6}.Debug|iPhone.Deploy.0 = Debug|Any CPU
		{B9ED69A5-516C-4C8A-842B-7C1886AF51D6}.Debug|iPhoneSimulator.ActiveCfg = Debug|Any CPU
		{B9ED69A5-516C-4C8A-842B-7C1886AF51D6}.Debug|iPhoneSimulator.Build.0 = Debug|Any CPU
		{B9ED69A5-516C-4C8A-842B-7C1886AF51D6}.Debug|iPhoneSimulator.Deploy.0 = Debug|Any CPU
		{B9ED69A5-516C-4C8A-842B-7C1886AF51D6}.Debug|x64.ActiveCfg = Debug|Any CPU
		{B9ED69A5-516C-4C8A-842B-7C1886AF51D6}.Debug|x64.Build.0 = Debug|Any CPU
		{B9ED69A5-516C-4C8A-842B-7C1886AF51D6}.Debug|x64.Deploy.0 = Debug|Any CPU
		{B9ED69A5-516C-4C8A-842B-7C1886AF51D6}.Debug|x86.ActiveCfg = Debug|Any CPU
		{B9ED69A5-516C-4C8A-842B-7C1886AF51D6}.Debug|x86.Build.0 = Debug|Any CPU
		{B9ED69A5-516C-4C8A-842B-7C1886AF51D6}.Debug|x86.Deploy.0 = Debug|Any CPU
		{B9ED69A5-516C-4C8A-842B-7C1886AF51D6}.Release|Any CPU.ActiveCfg = Release|Any CPU
		{B9ED69A5-516C-4C8A-842B-7C1886AF51D6}.Release|Any CPU.Build.0 = Release|Any CPU
		{B9ED69A5-516C-4C8A-842B-7C1886AF51D6}.Release|Any CPU.Deploy.0 = Release|Any CPU
		{B9ED69A5-516C-4C8A-842B-7C1886AF51D6}.Release|ARM.ActiveCfg = Release|Any CPU
		{B9ED69A5-516C-4C8A-842B-7C1886AF51D6}.Release|ARM.Build.0 = Release|Any CPU
		{B9ED69A5-516C-4C8A-842B-7C1886AF51D6}.Release|ARM.Deploy.0 = Release|Any CPU
		{B9ED69A5-516C-4C8A-842B-7C1886AF51D6}.Release|iPhone.ActiveCfg = Release|Any CPU
		{B9ED69A5-516C-4C8A-842B-7C1886AF51D6}.Release|iPhone.Build.0 = Release|Any CPU
		{B9ED69A5-516C-4C8A-842B-7C1886AF51D6}.Release|iPhone.Deploy.0 = Release|Any CPU
		{B9ED69A5-516C-4C8A-842B-7C1886AF51D6}.Release|iPhoneSimulator.ActiveCfg = Release|Any CPU
		{B9ED69A5-516C-4C8A-842B-7C1886AF51D6}.Release|iPhoneSimulator.Build.0 = Release|Any CPU
		{B9ED69A5-516C-4C8A-842B-7C1886AF51D6}.Release|iPhoneSimulator.Deploy.0 = Release|Any CPU
		{B9ED69A5-516C-4C8A-842B-7C1886AF51D6}.Release|x64.ActiveCfg = Release|Any CPU
		{B9ED69A5-516C-4C8A-842B-7C1886AF51D6}.Release|x64.Build.0 = Release|Any CPU
		{B9ED69A5-516C-4C8A-842B-7C1886AF51D6}.Release|x64.Deploy.0 = Release|Any CPU
		{B9ED69A5-516C-4C8A-842B-7C1886AF51D6}.Release|x86.ActiveCfg = Release|Any CPU
		{B9ED69A5-516C-4C8A-842B-7C1886AF51D6}.Release|x86.Build.0 = Release|Any CPU
		{B9ED69A5-516C-4C8A-842B-7C1886AF51D6}.Release|x86.Deploy.0 = Release|Any CPU
	EndGlobalSection
	GlobalSection(SolutionProperties) = preSolution
		HideSolutionNode = FALSE
	EndGlobalSection
	GlobalSection(ExtensibilityGlobals) = postSolution
		SolutionGuid = {64F8A9EB-5C38-4D2F-AFCE-74BD8A0424C6}
	EndGlobalSection
EndGlobal
